// !$*UTF8*$!
{
	archiveVersion = 1;
	classes = {
	};
	objectVersion = 55;
	objects = {

/* Begin PBXBuildFile section */
		3102F8EC27D7B12F00226B60 /* UISearchListViewInteractor.swift in Sources */ = {isa = PBXBuildFile; fileRef = 3102F8E827D7B12F00226B60 /* UISearchListViewInteractor.swift */; };
		3102F8ED27D7B12F00226B60 /* UISearchListViewController.swift in Sources */ = {isa = PBXBuildFile; fileRef = 3102F8E927D7B12F00226B60 /* UISearchListViewController.swift */; };
		3102F8EE27D7B12F00226B60 /* UISearchListViewRouter.swift in Sources */ = {isa = PBXBuildFile; fileRef = 3102F8EA27D7B12F00226B60 /* UISearchListViewRouter.swift */; };
		3102F8EF27D7B12F00226B60 /* UISearchListViewPresenter.swift in Sources */ = {isa = PBXBuildFile; fileRef = 3102F8EB27D7B12F00226B60 /* UISearchListViewPresenter.swift */; };
		3102F8F427D7B15600226B60 /* ListingService.swift in Sources */ = {isa = PBXBuildFile; fileRef = 3102F8F127D7B15600226B60 /* ListingService.swift */; };
		3102F8F527D7B15600226B60 /* ListItemService.swift in Sources */ = {isa = PBXBuildFile; fileRef = 3102F8F227D7B15600226B60 /* ListItemService.swift */; };
		3102F8F627D7B15600226B60 /* ListCountService.swift in Sources */ = {isa = PBXBuildFile; fileRef = 3102F8F327D7B15600226B60 /* ListCountService.swift */; };
		3102F8F827D7C4E500226B60 /* NewsListCountService.swift in Sources */ = {isa = PBXBuildFile; fileRef = 3102F8F727D7C4E500226B60 /* NewsListCountService.swift */; };
		935623FF27D6951F00714EA0 /* AppDelegate.swift in Sources */ = {isa = PBXBuildFile; fileRef = 935623FE27D6951F00714EA0 /* AppDelegate.swift */; };
		9356240127D6951F00714EA0 /* SceneDelegate.swift in Sources */ = {isa = PBXBuildFile; fileRef = 9356240027D6951F00714EA0 /* SceneDelegate.swift */; };
		9356240327D6951F00714EA0 /* ViewController.swift in Sources */ = {isa = PBXBuildFile; fileRef = 9356240227D6951F00714EA0 /* ViewController.swift */; };
		9356240627D6951F00714EA0 /* Main.storyboard in Resources */ = {isa = PBXBuildFile; fileRef = 9356240427D6951F00714EA0 /* Main.storyboard */; };
		9356240827D6952200714EA0 /* Assets.xcassets in Resources */ = {isa = PBXBuildFile; fileRef = 9356240727D6952200714EA0 /* Assets.xcassets */; };
		9356240B27D6952200714EA0 /* LaunchScreen.storyboard in Resources */ = {isa = PBXBuildFile; fileRef = 9356240927D6952200714EA0 /* LaunchScreen.storyboard */; };
		9356241627D6952200714EA0 /* Batch_5_DemoTests.swift in Sources */ = {isa = PBXBuildFile; fileRef = 9356241527D6952200714EA0 /* Batch_5_DemoTests.swift */; };
		9356242027D6952200714EA0 /* Batch_5_DemoUITests.swift in Sources */ = {isa = PBXBuildFile; fileRef = 9356241F27D6952200714EA0 /* Batch_5_DemoUITests.swift */; };
		9356242227D6952200714EA0 /* Batch_5_DemoUITestsLaunchTests.swift in Sources */ = {isa = PBXBuildFile; fileRef = 9356242127D6952200714EA0 /* Batch_5_DemoUITestsLaunchTests.swift */; };
		9356243327D6959B00714EA0 /* Constants.swift in Sources */ = {isa = PBXBuildFile; fileRef = 9356243127D6959B00714EA0 /* Constants.swift */; };
		9356243427D6959B00714EA0 /* Extensions.swift in Sources */ = {isa = PBXBuildFile; fileRef = 9356243227D6959B00714EA0 /* Extensions.swift */; };
		9356243627D7ABFC00714EA0 /* Resources.swift in Sources */ = {isa = PBXBuildFile; fileRef = 9356243527D7ABFC00714EA0 /* Resources.swift */; };
/* End PBXBuildFile section */

/* Begin PBXContainerItemProxy section */
		9356241227D6952200714EA0 /* PBXContainerItemProxy */ = {
			isa = PBXContainerItemProxy;
			containerPortal = 935623F327D6951F00714EA0 /* Project object */;
			proxyType = 1;
			remoteGlobalIDString = 935623FA27D6951F00714EA0;
			remoteInfo = "Batch 5 Demo";
		};
		9356241C27D6952200714EA0 /* PBXContainerItemProxy */ = {
			isa = PBXContainerItemProxy;
			containerPortal = 935623F327D6951F00714EA0 /* Project object */;
			proxyType = 1;
			remoteGlobalIDString = 935623FA27D6951F00714EA0;
			remoteInfo = "Batch 5 Demo";
		};
/* End PBXContainerItemProxy section */

/* Begin PBXFileReference section */
		3102F8E827D7B12F00226B60 /* UISearchListViewInteractor.swift */ = {isa = PBXFileReference; fileEncoding = 4; lastKnownFileType = sourcecode.swift; path = UISearchListViewInteractor.swift; sourceTree = "<group>"; };
		3102F8E927D7B12F00226B60 /* UISearchListViewController.swift */ = {isa = PBXFileReference; fileEncoding = 4; lastKnownFileType = sourcecode.swift; path = UISearchListViewController.swift; sourceTree = "<group>"; };
		3102F8EA27D7B12F00226B60 /* UISearchListViewRouter.swift */ = {isa = PBXFileReference; fileEncoding = 4; lastKnownFileType = sourcecode.swift; path = UISearchListViewRouter.swift; sourceTree = "<group>"; };
		3102F8EB27D7B12F00226B60 /* UISearchListViewPresenter.swift */ = {isa = PBXFileReference; fileEncoding = 4; lastKnownFileType = sourcecode.swift; path = UISearchListViewPresenter.swift; sourceTree = "<group>"; };
		3102F8F127D7B15600226B60 /* ListingService.swift */ = {isa = PBXFileReference; fileEncoding = 4; lastKnownFileType = sourcecode.swift; path = ListingService.swift; sourceTree = "<group>"; };
		3102F8F227D7B15600226B60 /* ListItemService.swift */ = {isa = PBXFileReference; fileEncoding = 4; lastKnownFileType = sourcecode.swift; path = ListItemService.swift; sourceTree = "<group>"; };
		3102F8F327D7B15600226B60 /* ListCountService.swift */ = {isa = PBXFileReference; fileEncoding = 4; lastKnownFileType = sourcecode.swift; path = ListCountService.swift; sourceTree = "<group>"; };
		3102F8F727D7C4E500226B60 /* NewsListCountService.swift */ = {isa = PBXFileReference; lastKnownFileType = sourcecode.swift; path = NewsListCountService.swift; sourceTree = "<group>"; };
		935623FB27D6951F00714EA0 /* Batch 5 Demo.app */ = {isa = PBXFileReference; explicitFileType = wrapper.application; includeInIndex = 0; path = "Batch 5 Demo.app"; sourceTree = BUILT_PRODUCTS_DIR; };
		935623FE27D6951F00714EA0 /* AppDelegate.swift */ = {isa = PBXFileReference; lastKnownFileType = sourcecode.swift; path = AppDelegate.swift; sourceTree = "<group>"; };
		9356240027D6951F00714EA0 /* SceneDelegate.swift */ = {isa = PBXFileReference; lastKnownFileType = sourcecode.swift; path = SceneDelegate.swift; sourceTree = "<group>"; };
		9356240227D6951F00714EA0 /* ViewController.swift */ = {isa = PBXFileReference; lastKnownFileType = sourcecode.swift; path = ViewController.swift; sourceTree = "<group>"; };
		9356240527D6951F00714EA0 /* Base */ = {isa = PBXFileReference; lastKnownFileType = file.storyboard; name = Base; path = Base.lproj/Main.storyboard; sourceTree = "<group>"; };
		9356240727D6952200714EA0 /* Assets.xcassets */ = {isa = PBXFileReference; lastKnownFileType = folder.assetcatalog; path = Assets.xcassets; sourceTree = "<group>"; };
		9356240A27D6952200714EA0 /* Base */ = {isa = PBXFileReference; lastKnownFileType = file.storyboard; name = Base; path = Base.lproj/LaunchScreen.storyboard; sourceTree = "<group>"; };
		9356240C27D6952200714EA0 /* Info.plist */ = {isa = PBXFileReference; lastKnownFileType = text.plist.xml; path = Info.plist; sourceTree = "<group>"; };
		9356241127D6952200714EA0 /* Batch 5 DemoTests.xctest */ = {isa = PBXFileReference; explicitFileType = wrapper.cfbundle; includeInIndex = 0; path = "Batch 5 DemoTests.xctest"; sourceTree = BUILT_PRODUCTS_DIR; };
		9356241527D6952200714EA0 /* Batch_5_DemoTests.swift */ = {isa = PBXFileReference; lastKnownFileType = sourcecode.swift; path = Batch_5_DemoTests.swift; sourceTree = "<group>"; };
		9356241B27D6952200714EA0 /* Batch 5 DemoUITests.xctest */ = {isa = PBXFileReference; explicitFileType = wrapper.cfbundle; includeInIndex = 0; path = "Batch 5 DemoUITests.xctest"; sourceTree = BUILT_PRODUCTS_DIR; };
		9356241F27D6952200714EA0 /* Batch_5_DemoUITests.swift */ = {isa = PBXFileReference; lastKnownFileType = sourcecode.swift; path = Batch_5_DemoUITests.swift; sourceTree = "<group>"; };
		9356242127D6952200714EA0 /* Batch_5_DemoUITestsLaunchTests.swift */ = {isa = PBXFileReference; lastKnownFileType = sourcecode.swift; path = Batch_5_DemoUITestsLaunchTests.swift; sourceTree = "<group>"; };
		9356243127D6959B00714EA0 /* Constants.swift */ = {isa = PBXFileReference; fileEncoding = 4; lastKnownFileType = sourcecode.swift; path = Constants.swift; sourceTree = "<group>"; };
		9356243227D6959B00714EA0 /* Extensions.swift */ = {isa = PBXFileReference; fileEncoding = 4; lastKnownFileType = sourcecode.swift; path = Extensions.swift; sourceTree = "<group>"; };
		9356243527D7ABFC00714EA0 /* Resources.swift */ = {isa = PBXFileReference; fileEncoding = 4; lastKnownFileType = sourcecode.swift; path = Resources.swift; sourceTree = "<group>"; };
/* End PBXFileReference section */

/* Begin PBXFrameworksBuildPhase section */
		935623F827D6951F00714EA0 /* Frameworks */ = {
			isa = PBXFrameworksBuildPhase;
			buildActionMask = 2147483647;
			files = (
			);
			runOnlyForDeploymentPostprocessing = 0;
		};
		9356240E27D6952200714EA0 /* Frameworks */ = {
			isa = PBXFrameworksBuildPhase;
			buildActionMask = 2147483647;
			files = (
			);
			runOnlyForDeploymentPostprocessing = 0;
		};
		9356241827D6952200714EA0 /* Frameworks */ = {
			isa = PBXFrameworksBuildPhase;
			buildActionMask = 2147483647;
			files = (
			);
			runOnlyForDeploymentPostprocessing = 0;
		};
/* End PBXFrameworksBuildPhase section */

/* Begin PBXGroup section */
		3102F8E727D7B12F00226B60 /* ListView */ = {
			isa = PBXGroup;
			children = (
				3102F8E827D7B12F00226B60 /* UISearchListViewInteractor.swift */,
				3102F8E927D7B12F00226B60 /* UISearchListViewController.swift */,
				3102F8EA27D7B12F00226B60 /* UISearchListViewRouter.swift */,
				3102F8EB27D7B12F00226B60 /* UISearchListViewPresenter.swift */,
			);
			path = ListView;
			sourceTree = "<group>";
		};
		3102F8F027D7B15600226B60 /* WebService */ = {
			isa = PBXGroup;
			children = (
				3102F8F127D7B15600226B60 /* ListingService.swift */,
				3102F8F227D7B15600226B60 /* ListItemService.swift */,
				3102F8F327D7B15600226B60 /* ListCountService.swift */,
				3102F8F727D7C4E500226B60 /* NewsListCountService.swift */,
			);
			path = WebService;
			sourceTree = "<group>";
		};
		935623F227D6951F00714EA0 = {
			isa = PBXGroup;
			children = (
				935623FD27D6951F00714EA0 /* Batch 5 Demo */,
				9356241427D6952200714EA0 /* Batch 5 DemoTests */,
				9356241E27D6952200714EA0 /* Batch 5 DemoUITests */,
				935623FC27D6951F00714EA0 /* Products */,
			);
			sourceTree = "<group>";
		};
		935623FC27D6951F00714EA0 /* Products */ = {
			isa = PBXGroup;
			children = (
				935623FB27D6951F00714EA0 /* Batch 5 Demo.app */,
				9356241127D6952200714EA0 /* Batch 5 DemoTests.xctest */,
				9356241B27D6952200714EA0 /* Batch 5 DemoUITests.xctest */,
			);
			name = Products;
			sourceTree = "<group>";
		};
		935623FD27D6951F00714EA0 /* Batch 5 Demo */ = {
			isa = PBXGroup;
			children = (
				9356243027D6956500714EA0 /* App Support */,
				3102F8F027D7B15600226B60 /* WebService */,
				9356242F27D6955D00714EA0 /* Views */,
			);
			path = "Batch 5 Demo";
			sourceTree = "<group>";
		};
		9356241427D6952200714EA0 /* Batch 5 DemoTests */ = {
			isa = PBXGroup;
			children = (
				9356241527D6952200714EA0 /* Batch_5_DemoTests.swift */,
			);
			path = "Batch 5 DemoTests";
			sourceTree = "<group>";
		};
		9356241E27D6952200714EA0 /* Batch 5 DemoUITests */ = {
			isa = PBXGroup;
			children = (
				9356241F27D6952200714EA0 /* Batch_5_DemoUITests.swift */,
				9356242127D6952200714EA0 /* Batch_5_DemoUITestsLaunchTests.swift */,
			);
			path = "Batch 5 DemoUITests";
			sourceTree = "<group>";
		};
		9356242E27D6953C00714EA0 /* Main View */ = {
			isa = PBXGroup;
			children = (
				9356240927D6952200714EA0 /* LaunchScreen.storyboard */,
				9356240427D6951F00714EA0 /* Main.storyboard */,
				9356240227D6951F00714EA0 /* ViewController.swift */,
			);
			path = "Main View";
			sourceTree = "<group>";
		};
		9356242F27D6955D00714EA0 /* Views */ = {
			isa = PBXGroup;
			children = (
				3102F8E727D7B12F00226B60 /* ListView */,
				9356242E27D6953C00714EA0 /* Main View */,
			);
			path = Views;
			sourceTree = "<group>";
		};
		9356243027D6956500714EA0 /* App Support */ = {
			isa = PBXGroup;
			children = (
				9356240727D6952200714EA0 /* Assets.xcassets */,
				9356240C27D6952200714EA0 /* Info.plist */,
				935623FE27D6951F00714EA0 /* AppDelegate.swift */,
				9356240027D6951F00714EA0 /* SceneDelegate.swift */,
				9356243227D6959B00714EA0 /* Extensions.swift */,
				9356243127D6959B00714EA0 /* Constants.swift */,
				9356243527D7ABFC00714EA0 /* Resources.swift */,
			);
			path = "App Support";
			sourceTree = "<group>";
		};
/* End PBXGroup section */

/* Begin PBXNativeTarget section */
		935623FA27D6951F00714EA0 /* Batch 5 Demo */ = {
			isa = PBXNativeTarget;
			buildConfigurationList = 9356242527D6952200714EA0 /* Build configuration list for PBXNativeTarget "Batch 5 Demo" */;
			buildPhases = (
				935623F727D6951F00714EA0 /* Sources */,
				935623F827D6951F00714EA0 /* Frameworks */,
				935623F927D6951F00714EA0 /* Resources */,
			);
			buildRules = (
			);
			dependencies = (
			);
			name = "Batch 5 Demo";
			productName = "Batch 5 Demo";
			productReference = 935623FB27D6951F00714EA0 /* Batch 5 Demo.app */;
			productType = "com.apple.product-type.application";
		};
		9356241027D6952200714EA0 /* Batch 5 DemoTests */ = {
			isa = PBXNativeTarget;
			buildConfigurationList = 9356242827D6952200714EA0 /* Build configuration list for PBXNativeTarget "Batch 5 DemoTests" */;
			buildPhases = (
				9356240D27D6952200714EA0 /* Sources */,
				9356240E27D6952200714EA0 /* Frameworks */,
				9356240F27D6952200714EA0 /* Resources */,
			);
			buildRules = (
			);
			dependencies = (
				9356241327D6952200714EA0 /* PBXTargetDependency */,
			);
			name = "Batch 5 DemoTests";
			productName = "Batch 5 DemoTests";
			productReference = 9356241127D6952200714EA0 /* Batch 5 DemoTests.xctest */;
			productType = "com.apple.product-type.bundle.unit-test";
		};
		9356241A27D6952200714EA0 /* Batch 5 DemoUITests */ = {
			isa = PBXNativeTarget;
			buildConfigurationList = 9356242B27D6952200714EA0 /* Build configuration list for PBXNativeTarget "Batch 5 DemoUITests" */;
			buildPhases = (
				9356241727D6952200714EA0 /* Sources */,
				9356241827D6952200714EA0 /* Frameworks */,
				9356241927D6952200714EA0 /* Resources */,
			);
			buildRules = (
			);
			dependencies = (
				9356241D27D6952200714EA0 /* PBXTargetDependency */,
			);
			name = "Batch 5 DemoUITests";
			productName = "Batch 5 DemoUITests";
			productReference = 9356241B27D6952200714EA0 /* Batch 5 DemoUITests.xctest */;
			productType = "com.apple.product-type.bundle.ui-testing";
		};
/* End PBXNativeTarget section */

/* Begin PBXProject section */
		935623F327D6951F00714EA0 /* Project object */ = {
			isa = PBXProject;
			attributes = {
				BuildIndependentTargetsInParallel = 1;
				LastSwiftUpdateCheck = 1320;
				LastUpgradeCheck = 1320;
				TargetAttributes = {
					935623FA27D6951F00714EA0 = {
						CreatedOnToolsVersion = 13.2.1;
					};
					9356241027D6952200714EA0 = {
						CreatedOnToolsVersion = 13.2.1;
						TestTargetID = 935623FA27D6951F00714EA0;
					};
					9356241A27D6952200714EA0 = {
						CreatedOnToolsVersion = 13.2.1;
						TestTargetID = 935623FA27D6951F00714EA0;
					};
				};
			};
			buildConfigurationList = 935623F627D6951F00714EA0 /* Build configuration list for PBXProject "Batch 5 Demo" */;
			compatibilityVersion = "Xcode 13.0";
			developmentRegion = en;
			hasScannedForEncodings = 0;
			knownRegions = (
				en,
				Base,
			);
			mainGroup = 935623F227D6951F00714EA0;
			productRefGroup = 935623FC27D6951F00714EA0 /* Products */;
			projectDirPath = "";
			projectRoot = "";
			targets = (
				935623FA27D6951F00714EA0 /* Batch 5 Demo */,
				9356241027D6952200714EA0 /* Batch 5 DemoTests */,
				9356241A27D6952200714EA0 /* Batch 5 DemoUITests */,
			);
		};
/* End PBXProject section */

/* Begin PBXResourcesBuildPhase section */
		935623F927D6951F00714EA0 /* Resources */ = {
			isa = PBXResourcesBuildPhase;
			buildActionMask = 2147483647;
			files = (
				9356240B27D6952200714EA0 /* LaunchScreen.storyboard in Resources */,
				9356240827D6952200714EA0 /* Assets.xcassets in Resources */,
				9356240627D6951F00714EA0 /* Main.storyboard in Resources */,
			);
			runOnlyForDeploymentPostprocessing = 0;
		};
		9356240F27D6952200714EA0 /* Resources */ = {
			isa = PBXResourcesBuildPhase;
			buildActionMask = 2147483647;
			files = (
			);
			runOnlyForDeploymentPostprocessing = 0;
		};
		9356241927D6952200714EA0 /* Resources */ = {
			isa = PBXResourcesBuildPhase;
			buildActionMask = 2147483647;
			files = (
			);
			runOnlyForDeploymentPostprocessing = 0;
		};
/* End PBXResourcesBuildPhase section */

/* Begin PBXSourcesBuildPhase section */
		935623F727D6951F00714EA0 /* Sources */ = {
			isa = PBXSourcesBuildPhase;
			buildActionMask = 2147483647;
			files = (
				3102F8F627D7B15600226B60 /* ListCountService.swift in Sources */,
				3102F8F527D7B15600226B60 /* ListItemService.swift in Sources */,
				3102F8EC27D7B12F00226B60 /* UISearchListViewInteractor.swift in Sources */,
				9356243427D6959B00714EA0 /* Extensions.swift in Sources */,
				9356240327D6951F00714EA0 /* ViewController.swift in Sources */,
				3102F8F827D7C4E500226B60 /* NewsListCountService.swift in Sources */,
				3102F8EF27D7B12F00226B60 /* UISearchListViewPresenter.swift in Sources */,
				3102F8EE27D7B12F00226B60 /* UISearchListViewRouter.swift in Sources */,
				3102F8F427D7B15600226B60 /* ListingService.swift in Sources */,
				935623FF27D6951F00714EA0 /* AppDelegate.swift in Sources */,
				3102F8ED27D7B12F00226B60 /* UISearchListViewController.swift in Sources */,
				9356243627D7ABFC00714EA0 /* Resources.swift in Sources */,
				9356240127D6951F00714EA0 /* SceneDelegate.swift in Sources */,
				9356243327D6959B00714EA0 /* Constants.swift in Sources */,
			);
			runOnlyForDeploymentPostprocessing = 0;
		};
		9356240D27D6952200714EA0 /* Sources */ = {
			isa = PBXSourcesBuildPhase;
			buildActionMask = 2147483647;
			files = (
				9356241627D6952200714EA0 /* Batch_5_DemoTests.swift in Sources */,
			);
			runOnlyForDeploymentPostprocessing = 0;
		};
		9356241727D6952200714EA0 /* Sources */ = {
			isa = PBXSourcesBuildPhase;
			buildActionMask = 2147483647;
			files = (
				9356242227D6952200714EA0 /* Batch_5_DemoUITestsLaunchTests.swift in Sources */,
				9356242027D6952200714EA0 /* Batch_5_DemoUITests.swift in Sources */,
			);
			runOnlyForDeploymentPostprocessing = 0;
		};
/* End PBXSourcesBuildPhase section */

/* Begin PBXTargetDependency section */
		9356241327D6952200714EA0 /* PBXTargetDependency */ = {
			isa = PBXTargetDependency;
			target = 935623FA27D6951F00714EA0 /* Batch 5 Demo */;
			targetProxy = 9356241227D6952200714EA0 /* PBXContainerItemProxy */;
		};
		9356241D27D6952200714EA0 /* PBXTargetDependency */ = {
			isa = PBXTargetDependency;
			target = 935623FA27D6951F00714EA0 /* Batch 5 Demo */;
			targetProxy = 9356241C27D6952200714EA0 /* PBXContainerItemProxy */;
		};
/* End PBXTargetDependency section */

/* Begin PBXVariantGroup section */
		9356240427D6951F00714EA0 /* Main.storyboard */ = {
			isa = PBXVariantGroup;
			children = (
				9356240527D6951F00714EA0 /* Base */,
			);
			name = Main.storyboard;
			sourceTree = "<group>";
		};
		9356240927D6952200714EA0 /* LaunchScreen.storyboard */ = {
			isa = PBXVariantGroup;
			children = (
				9356240A27D6952200714EA0 /* Base */,
			);
			name = LaunchScreen.storyboard;
			sourceTree = "<group>";
		};
/* End PBXVariantGroup section */

/* Begin XCBuildConfiguration section */
		9356242327D6952200714EA0 /* Debug */ = {
			isa = XCBuildConfiguration;
			buildSettings = {
				ALWAYS_SEARCH_USER_PATHS = NO;
				CLANG_ANALYZER_NONNULL = YES;
				CLANG_ANALYZER_NUMBER_OBJECT_CONVERSION = YES_AGGRESSIVE;
				CLANG_CXX_LANGUAGE_STANDARD = "gnu++17";
				CLANG_CXX_LIBRARY = "libc++";
				CLANG_ENABLE_MODULES = YES;
				CLANG_ENABLE_OBJC_ARC = YES;
				CLANG_ENABLE_OBJC_WEAK = YES;
				CLANG_WARN_BLOCK_CAPTURE_AUTORELEASING = YES;
				CLANG_WARN_BOOL_CONVERSION = YES;
				CLANG_WARN_COMMA = YES;
				CLANG_WARN_CONSTANT_CONVERSION = YES;
				CLANG_WARN_DEPRECATED_OBJC_IMPLEMENTATIONS = YES;
				CLANG_WARN_DIRECT_OBJC_ISA_USAGE = YES_ERROR;
				CLANG_WARN_DOCUMENTATION_COMMENTS = YES;
				CLANG_WARN_EMPTY_BODY = YES;
				CLANG_WARN_ENUM_CONVERSION = YES;
				CLANG_WARN_INFINITE_RECURSION = YES;
				CLANG_WARN_INT_CONVERSION = YES;
				CLANG_WARN_NON_LITERAL_NULL_CONVERSION = YES;
				CLANG_WARN_OBJC_IMPLICIT_RETAIN_SELF = YES;
				CLANG_WARN_OBJC_LITERAL_CONVERSION = YES;
				CLANG_WARN_OBJC_ROOT_CLASS = YES_ERROR;
				CLANG_WARN_QUOTED_INCLUDE_IN_FRAMEWORK_HEADER = YES;
				CLANG_WARN_RANGE_LOOP_ANALYSIS = YES;
				CLANG_WARN_STRICT_PROTOTYPES = YES;
				CLANG_WARN_SUSPICIOUS_MOVE = YES;
				CLANG_WARN_UNGUARDED_AVAILABILITY = YES_AGGRESSIVE;
				CLANG_WARN_UNREACHABLE_CODE = YES;
				CLANG_WARN__DUPLICATE_METHOD_MATCH = YES;
				COPY_PHASE_STRIP = NO;
				DEBUG_INFORMATION_FORMAT = dwarf;
				ENABLE_STRICT_OBJC_MSGSEND = YES;
				ENABLE_TESTABILITY = YES;
				GCC_C_LANGUAGE_STANDARD = gnu11;
				GCC_DYNAMIC_NO_PIC = NO;
				GCC_NO_COMMON_BLOCKS = YES;
				GCC_OPTIMIZATION_LEVEL = 0;
				GCC_PREPROCESSOR_DEFINITIONS = (
					"DEBUG=1",
					"$(inherited)",
				);
				GCC_WARN_64_TO_32_BIT_CONVERSION = YES;
				GCC_WARN_ABOUT_RETURN_TYPE = YES_ERROR;
				GCC_WARN_UNDECLARED_SELECTOR = YES;
				GCC_WARN_UNINITIALIZED_AUTOS = YES_AGGRESSIVE;
				GCC_WARN_UNUSED_FUNCTION = YES;
				GCC_WARN_UNUSED_VARIABLE = YES;
				IPHONEOS_DEPLOYMENT_TARGET = 15.2;
				MTL_ENABLE_DEBUG_INFO = INCLUDE_SOURCE;
				MTL_FAST_MATH = YES;
				ONLY_ACTIVE_ARCH = YES;
				SDKROOT = iphoneos;
				SWIFT_ACTIVE_COMPILATION_CONDITIONS = DEBUG;
				SWIFT_OPTIMIZATION_LEVEL = "-Onone";
			};
			name = Debug;
		};
		9356242427D6952200714EA0 /* Release */ = {
			isa = XCBuildConfiguration;
			buildSettings = {
				ALWAYS_SEARCH_USER_PATHS = NO;
				CLANG_ANALYZER_NONNULL = YES;
				CLANG_ANALYZER_NUMBER_OBJECT_CONVERSION = YES_AGGRESSIVE;
				CLANG_CXX_LANGUAGE_STANDARD = "gnu++17";
				CLANG_CXX_LIBRARY = "libc++";
				CLANG_ENABLE_MODULES = YES;
				CLANG_ENABLE_OBJC_ARC = YES;
				CLANG_ENABLE_OBJC_WEAK = YES;
				CLANG_WARN_BLOCK_CAPTURE_AUTORELEASING = YES;
				CLANG_WARN_BOOL_CONVERSION = YES;
				CLANG_WARN_COMMA = YES;
				CLANG_WARN_CONSTANT_CONVERSION = YES;
				CLANG_WARN_DEPRECATED_OBJC_IMPLEMENTATIONS = YES;
				CLANG_WARN_DIRECT_OBJC_ISA_USAGE = YES_ERROR;
				CLANG_WARN_DOCUMENTATION_COMMENTS = YES;
				CLANG_WARN_EMPTY_BODY = YES;
				CLANG_WARN_ENUM_CONVERSION = YES;
				CLANG_WARN_INFINITE_RECURSION = YES;
				CLANG_WARN_INT_CONVERSION = YES;
				CLANG_WARN_NON_LITERAL_NULL_CONVERSION = YES;
				CLANG_WARN_OBJC_IMPLICIT_RETAIN_SELF = YES;
				CLANG_WARN_OBJC_LITERAL_CONVERSION = YES;
				CLANG_WARN_OBJC_ROOT_CLASS = YES_ERROR;
				CLANG_WARN_QUOTED_INCLUDE_IN_FRAMEWORK_HEADER = YES;
				CLANG_WARN_RANGE_LOOP_ANALYSIS = YES;
				CLANG_WARN_STRICT_PROTOTYPES = YES;
				CLANG_WARN_SUSPICIOUS_MOVE = YES;
				CLANG_WARN_UNGUARDED_AVAILABILITY = YES_AGGRESSIVE;
				CLANG_WARN_UNREACHABLE_CODE = YES;
				CLANG_WARN__DUPLICATE_METHOD_MATCH = YES;
				COPY_PHASE_STRIP = NO;
				DEBUG_INFORMATION_FORMAT = "dwarf-with-dsym";
				ENABLE_NS_ASSERTIONS = NO;
				ENABLE_STRICT_OBJC_MSGSEND = YES;
				GCC_C_LANGUAGE_STANDARD = gnu11;
				GCC_NO_COMMON_BLOCKS = YES;
				GCC_WARN_64_TO_32_BIT_CONVERSION = YES;
				GCC_WARN_ABOUT_RETURN_TYPE = YES_ERROR;
				GCC_WARN_UNDECLARED_SELECTOR = YES;
				GCC_WARN_UNINITIALIZED_AUTOS = YES_AGGRESSIVE;
				GCC_WARN_UNUSED_FUNCTION = YES;
				GCC_WARN_UNUSED_VARIABLE = YES;
				IPHONEOS_DEPLOYMENT_TARGET = 15.2;
				MTL_ENABLE_DEBUG_INFO = NO;
				MTL_FAST_MATH = YES;
				SDKROOT = iphoneos;
				SWIFT_COMPILATION_MODE = wholemodule;
				SWIFT_OPTIMIZATION_LEVEL = "-O";
				VALIDATE_PRODUCT = YES;
			};
			name = Release;
		};
		9356242627D6952200714EA0 /* Debug */ = {
			isa = XCBuildConfiguration;
			buildSettings = {
				ASSETCATALOG_COMPILER_APPICON_NAME = AppIcon;
				ASSETCATALOG_COMPILER_GLOBAL_ACCENT_COLOR_NAME = AccentColor;
				CODE_SIGN_STYLE = Automatic;
				CURRENT_PROJECT_VERSION = 1;
				DEVELOPMENT_TEAM = PG3WFJHK84;
				GENERATE_INFOPLIST_FILE = YES;
				INFOPLIST_FILE = "Batch 5 Demo/App Support/Info.plist";
				INFOPLIST_KEY_UIApplicationSupportsIndirectInputEvents = YES;
				INFOPLIST_KEY_UILaunchStoryboardName = LaunchScreen;
				INFOPLIST_KEY_UIMainStoryboardFile = Main;
				INFOPLIST_KEY_UISupportedInterfaceOrientations_iPad = "UIInterfaceOrientationPortrait UIInterfaceOrientationPortraitUpsideDown UIInterfaceOrientationLandscapeLeft UIInterfaceOrientationLandscapeRight";
				INFOPLIST_KEY_UISupportedInterfaceOrientations_iPhone = "UIInterfaceOrientationPortrait UIInterfaceOrientationLandscapeLeft UIInterfaceOrientationLandscapeRight";
				LD_RUNPATH_SEARCH_PATHS = (
					"$(inherited)",
					"@executable_path/Frameworks",
				);
				MARKETING_VERSION = 1.0;
				PRODUCT_BUNDLE_IDENTIFIER = "org.kungfoo.Batch-5-Demo";
				PRODUCT_NAME = "$(TARGET_NAME)";
				SWIFT_EMIT_LOC_STRINGS = YES;
				SWIFT_VERSION = 5.0;
				TARGETED_DEVICE_FAMILY = "1,2";
			};
			name = Debug;
		};
		9356242727D6952200714EA0 /* Release */ = {
			isa = XCBuildConfiguration;
			buildSettings = {
				ASSETCATALOG_COMPILER_APPICON_NAME = AppIcon;
				ASSETCATALOG_COMPILER_GLOBAL_ACCENT_COLOR_NAME = AccentColor;
				CODE_SIGN_STYLE = Automatic;
				CURRENT_PROJECT_VERSION = 1;
				DEVELOPMENT_TEAM = PG3WFJHK84;
				GENERATE_INFOPLIST_FILE = YES;
				INFOPLIST_FILE = "Batch 5 Demo/App Support/Info.plist";
				INFOPLIST_KEY_UIApplicationSupportsIndirectInputEvents = YES;
				INFOPLIST_KEY_UILaunchStoryboardName = LaunchScreen;
				INFOPLIST_KEY_UIMainStoryboardFile = Main;
				INFOPLIST_KEY_UISupportedInterfaceOrientations_iPad = "UIInterfaceOrientationPortrait UIInterfaceOrientationPortraitUpsideDown UIInterfaceOrientationLandscapeLeft UIInterfaceOrientationLandscapeRight";
				INFOPLIST_KEY_UISupportedInterfaceOrientations_iPhone = "UIInterfaceOrientationPortrait UIInterfaceOrientationLandscapeLeft UIInterfaceOrientationLandscapeRight";
				LD_RUNPATH_SEARCH_PATHS = (
					"$(inherited)",
					"@executable_path/Frameworks",
				);
				MARKETING_VERSION = 1.0;
				PRODUCT_BUNDLE_IDENTIFIER = "org.kungfoo.Batch-5-Demo";
				PRODUCT_NAME = "$(TARGET_NAME)";
				SWIFT_EMIT_LOC_STRINGS = YES;
				SWIFT_VERSION = 5.0;
				TARGETED_DEVICE_FAMILY = "1,2";
			};
			name = Release;
		};
		9356242927D6952200714EA0 /* Debug */ = {
			isa = XCBuildConfiguration;
			buildSettings = {
				ALWAYS_EMBED_SWIFT_STANDARD_LIBRARIES = YES;
				BUNDLE_LOADER = "$(TEST_HOST)";
				CODE_SIGN_STYLE = Automatic;
				CURRENT_PROJECT_VERSION = 1;
				DEVELOPMENT_TEAM = PG3WFJHK84;
				GENERATE_INFOPLIST_FILE = YES;
				IPHONEOS_DEPLOYMENT_TARGET = 15.2;
				MARKETING_VERSION = 1.0;
				PRODUCT_BUNDLE_IDENTIFIER = "org.kungfoo.Batch-5-DemoTests";
				PRODUCT_NAME = "$(TARGET_NAME)";
				SWIFT_EMIT_LOC_STRINGS = NO;
				SWIFT_VERSION = 5.0;
				TARGETED_DEVICE_FAMILY = "1,2";
				TEST_HOST = "$(BUILT_PRODUCTS_DIR)/Batch 5 Demo.app/Batch 5 Demo";
			};
			name = Debug;
		};
		9356242A27D6952200714EA0 /* Release */ = {
			isa = XCBuildConfiguration;
			buildSettings = {
				ALWAYS_EMBED_SWIFT_STANDARD_LIBRARIES = YES;
				BUNDLE_LOADER = "$(TEST_HOST)";
				CODE_SIGN_STYLE = Automatic;
				CURRENT_PROJECT_VERSION = 1;
				DEVELOPMENT_TEAM = PG3WFJHK84;
				GENERATE_INFOPLIST_FILE = YES;
				IPHONEOS_DEPLOYMENT_TARGET = 15.2;
				MARKETING_VERSION = 1.0;
				PRODUCT_BUNDLE_IDENTIFIER = "org.kungfoo.Batch-5-DemoTests";
				PRODUCT_NAME = "$(TARGET_NAME)";
				SWIFT_EMIT_LOC_STRINGS = NO;
				SWIFT_VERSION = 5.0;
				TARGETED_DEVICE_FAMILY = "1,2";
				TEST_HOST = "$(BUILT_PRODUCTS_DIR)/Batch 5 Demo.app/Batch 5 Demo";
			};
			name = Release;
		};
		9356242C27D6952200714EA0 /* Debug */ = {
			isa = XCBuildConfiguration;
			buildSettings = {
				ALWAYS_EMBED_SWIFT_STANDARD_LIBRARIES = YES;
				CODE_SIGN_STYLE = Automatic;
				CURRENT_PROJECT_VERSION = 1;
				DEVELOPMENT_TEAM = PG3WFJHK84;
				GENERATE_INFOPLIST_FILE = YES;
				MARKETING_VERSION = 1.0;
				PRODUCT_BUNDLE_IDENTIFIER = "org.kungfoo.Batch-5-DemoUITests";
				PRODUCT_NAME = "$(TARGET_NAME)";
				SWIFT_EMIT_LOC_STRINGS = NO;
				SWIFT_VERSION = 5.0;
				TARGETED_DEVICE_FAMILY = "1,2";
				TEST_TARGET_NAME = "Batch 5 Demo";
			};
			name = Debug;
		};
		9356242D27D6952200714EA0 /* Release */ = {
			isa = XCBuildConfiguration;
			buildSettings = {
				ALWAYS_EMBED_SWIFT_STANDARD_LIBRARIES = YES;
				CODE_SIGN_STYLE = Automatic;
				CURRENT_PROJECT_VERSION = 1;
				DEVELOPMENT_TEAM = PG3WFJHK84;
				GENERATE_INFOPLIST_FILE = YES;
				MARKETING_VERSION = 1.0;
				PRODUCT_BUNDLE_IDENTIFIER = "org.kungfoo.Batch-5-DemoUITests";
				PRODUCT_NAME = "$(TARGET_NAME)";
				SWIFT_EMIT_LOC_STRINGS = NO;
				SWIFT_VERSION = 5.0;
				TARGETED_DEVICE_FAMILY = "1,2";
				TEST_TARGET_NAME = "Batch 5 Demo";
			};
			name = Release;
		};
/* End XCBuildConfiguration section */

/* Begin XCConfigurationList section */
		935623F627D6951F00714EA0 /* Build configuration list for PBXProject "Batch 5 Demo" */ = {
			isa = XCConfigurationList;
			buildConfigurations = (
				9356242327D6952200714EA0 /* Debug */,
				9356242427D6952200714EA0 /* Release */,
			);
			defaultConfigurationIsVisible = 0;
			defaultConfigurationName = Release;
		};
		9356242527D6952200714EA0 /* Build configuration list for PBXNativeTarget "Batch 5 Demo" */ = {
			isa = XCConfigurationList;
			buildConfigurations = (
				9356242627D6952200714EA0 /* Debug */,
				9356242727D6952200714EA0 /* Release */,
			);
			defaultConfigurationIsVisible = 0;
			defaultConfigurationName = Release;
		};
		9356242827D6952200714EA0 /* Build configuration list for PBXNativeTarget "Batch 5 DemoTests" */ = {
			isa = XCConfigurationList;
			buildConfigurations = (
				9356242927D6952200714EA0 /* Debug */,
				9356242A27D6952200714EA0 /* Release */,
			);
			defaultConfigurationIsVisible = 0;
			defaultConfigurationName = Release;
		};
		9356242B27D6952200714EA0 /* Build configuration list for PBXNativeTarget "Batch 5 DemoUITests" */ = {
			isa = XCConfigurationList;
			buildConfigurations = (
				9356242C27D6952200714EA0 /* Debug */,
				9356242D27D6952200714EA0 /* Release */,
			);
			defaultConfigurationIsVisible = 0;
			defaultConfigurationName = Release;
		};
/* End XCConfigurationList section */
	};
	rootObject = 935623F327D6951F00714EA0 /* Project object */;
}
